// !$*UTF8*$!
{
	archiveVersion = 1;
	classes = {
	};
	objectVersion = 46;
	objects = {

/* Begin PBXBuildFile section */
		DBCFDE4C1F03D44100FF2227 /* AppDelegate.swift in Sources */ = {isa = PBXBuildFile; fileRef = DBCFDE4B1F03D44100FF2227 /* AppDelegate.swift */; };
		DBCFDE4E1F03D44100FF2227 /* ViewController.swift in Sources */ = {isa = PBXBuildFile; fileRef = DBCFDE4D1F03D44100FF2227 /* ViewController.swift */; };
		DBCFDE511F03D44100FF2227 /* Main.storyboard in Resources */ = {isa = PBXBuildFile; fileRef = DBCFDE4F1F03D44100FF2227 /* Main.storyboard */; };
		DBCFDE531F03D44100FF2227 /* Assets.xcassets in Resources */ = {isa = PBXBuildFile; fileRef = DBCFDE521F03D44100FF2227 /* Assets.xcassets */; };
		DBCFDE561F03D44100FF2227 /* LaunchScreen.storyboard in Resources */ = {isa = PBXBuildFile; fileRef = DBCFDE541F03D44100FF2227 /* LaunchScreen.storyboard */; };
		DBCFDE5E1F03D45D00FF2227 /* SSearchBar.swift in Sources */ = {isa = PBXBuildFile; fileRef = DBCFDE5D1F03D45D00FF2227 /* SSearchBar.swift */; };
/* End PBXBuildFile section */

/* Begin PBXFileReference section */
		DBCFDE481F03D44100FF2227 /* SSearchBarDemo.app */ = {isa = PBXFileReference; explicitFileType = wrapper.application; includeInIndex = 0; path = SSearchBarDemo.app; sourceTree = BUILT_PRODUCTS_DIR; };
		DBCFDE4B1F03D44100FF2227 /* AppDelegate.swift */ = {isa = PBXFileReference; lastKnownFileType = sourcecode.swift; path = AppDelegate.swift; sourceTree = "<group>"; };
		DBCFDE4D1F03D44100FF2227 /* ViewController.swift */ = {isa = PBXFileReference; lastKnownFileType = sourcecode.swift; path = ViewController.swift; sourceTree = "<group>"; };
		DBCFDE501F03D44100FF2227 /* Base */ = {isa = PBXFileReference; lastKnownFileType = file.storyboard; name = Base; path = Base.lproj/Main.storyboard; sourceTree = "<group>"; };
		DBCFDE521F03D44100FF2227 /* Assets.xcassets */ = {isa = PBXFileReference; lastKnownFileType = folder.assetcatalog; path = Assets.xcassets; sourceTree = "<group>"; };
		DBCFDE551F03D44100FF2227 /* Base */ = {isa = PBXFileReference; lastKnownFileType = file.storyboard; name = Base; path = Base.lproj/LaunchScreen.storyboard; sourceTree = "<group>"; };
		DBCFDE571F03D44100FF2227 /* Info.plist */ = {isa = PBXFileReference; lastKnownFileType = text.plist.xml; path = Info.plist; sourceTree = "<group>"; };
		DBCFDE5D1F03D45D00FF2227 /* SSearchBar.swift */ = {isa = PBXFileReference; fileEncoding = 4; lastKnownFileType = sourcecode.swift; path = SSearchBar.swift; sourceTree = "<group>"; };
/* End PBXFileReference section */

/* Begin PBXFrameworksBuildPhase section */
		DBCFDE451F03D44100FF2227 /* Frameworks */ = {
			isa = PBXFrameworksBuildPhase;
			buildActionMask = 2147483647;
			files = (
			);
			runOnlyForDeploymentPostprocessing = 0;
		};
/* End PBXFrameworksBuildPhase section */

/* Begin PBXGroup section */
		DBCFDE3F1F03D44100FF2227 = {
			isa = PBXGroup;
			children = (
				DBCFDE4A1F03D44100FF2227 /* SSearchBarDemo */,
				DBCFDE491F03D44100FF2227 /* Products */,
			);
			sourceTree = "<group>";
		};
		DBCFDE491F03D44100FF2227 /* Products */ = {
			isa = PBXGroup;
			children = (
				DBCFDE481F03D44100FF2227 /* SSearchBarDemo.app */,
			);
			name = Products;
			sourceTree = "<group>";
		};
		DBCFDE4A1F03D44100FF2227 /* SSearchBarDemo */ = {
			isa = PBXGroup;
			children = (
				DBCFDE5D1F03D45D00FF2227 /* SSearchBar.swift */,
				DBCFDE4B1F03D44100FF2227 /* AppDelegate.swift */,
				DBCFDE4D1F03D44100FF2227 /* ViewController.swift */,
				DBCFDE4F1F03D44100FF2227 /* Main.storyboard */,
				DBCFDE521F03D44100FF2227 /* Assets.xcassets */,
				DBCFDE541F03D44100FF2227 /* LaunchScreen.storyboard */,
				DBCFDE571F03D44100FF2227 /* Info.plist */,
			);
			path = SSearchBarDemo;
			sourceTree = "<group>";
		};
/* End PBXGroup section */

/* Begin PBXNativeTarget section */
		DBCFDE471F03D44100FF2227 /* SSearchBarDemo */ = {
			isa = PBXNativeTarget;
			buildConfigurationList = DBCFDE5A1F03D44100FF2227 /* Build configuration list for PBXNativeTarget "SSearchBarDemo" */;
			buildPhases = (
				DBCFDE441F03D44100FF2227 /* Sources */,
				DBCFDE451F03D44100FF2227 /* Frameworks */,
				DBCFDE461F03D44100FF2227 /* Resources */,
			);
			buildRules = (
			);
			dependencies = (
			);
			name = SSearchBarDemo;
			productName = SSearchBarDemo;
			productReference = DBCFDE481F03D44100FF2227 /* SSearchBarDemo.app */;
			productType = "com.apple.product-type.application";
		};
/* End PBXNativeTarget section */

/* Begin PBXProject section */
		DBCFDE401F03D44100FF2227 /* Project object */ = {
			isa = PBXProject;
			attributes = {
				LastSwiftUpdateCheck = 0830;
				LastUpgradeCheck = 0830;
				ORGANIZATIONNAME = "Andrey Sak";
				TargetAttributes = {
					DBCFDE471F03D44100FF2227 = {
						CreatedOnToolsVersion = 8.3.3;
						DevelopmentTeam = MKJ3EVS82G;
						ProvisioningStyle = Automatic;
					};
				};
			};
			buildConfigurationList = DBCFDE431F03D44100FF2227 /* Build configuration list for PBXProject "SSearchBarDemo" */;
			compatibilityVersion = "Xcode 3.2";
			developmentRegion = English;
			hasScannedForEncodings = 0;
			knownRegions = (
				en,
				Base,
			);
			mainGroup = DBCFDE3F1F03D44100FF2227;
			productRefGroup = DBCFDE491F03D44100FF2227 /* Products */;
			projectDirPath = "";
			projectRoot = "";
			targets = (
				DBCFDE471F03D44100FF2227 /* SSearchBarDemo */,
			);
		};
/* End PBXProject section */

/* Begin PBXResourcesBuildPhase section */
		DBCFDE461F03D44100FF2227 /* Resources */ = {
			isa = PBXResourcesBuildPhase;
			buildActionMask = 2147483647;
			files = (
				DBCFDE561F03D44100FF2227 /* LaunchScreen.storyboard in Resources */,
				DBCFDE531F03D44100FF2227 /* Assets.xcassets in Resources */,
				DBCFDE511F03D44100FF2227 /* Main.storyboard in Resources */,
			);
			runOnlyForDeploymentPostprocessing = 0;
		};
/* End PBXResourcesBuildPhase section */

/* Begin PBXSourcesBuildPhase section */
		DBCFDE441F03D44100FF2227 /* Sources */ = {
			isa = PBXSourcesBuildPhase;
			buildActionMask = 2147483647;
			files = (
				DBCFDE4E1F03D44100FF2227 /* ViewController.swift in Sources */,
				DBCFDE5E1F03D45D00FF2227 /* SSearchBar.swift in Sources */,
				DBCFDE4C1F03D44100FF2227 /* AppDelegate.swift in Sources */,
			);
			runOnlyForDeploymentPostprocessing = 0;
		};
/* End PBXSourcesBuildPhase section */

/* Begin PBXVariantGroup section */
		DBCFDE4F1F03D44100FF2227 /* Main.storyboard */ = {
			isa = PBXVariantGroup;
			children = (
				DBCFDE501F03D44100FF2227 /* Base */,
			);
			name = Main.storyboard;
			sourceTree = "<group>";
		};
		DBCFDE541F03D44100FF2227 /* LaunchScreen.storyboard */ = {
			isa = PBXVariantGroup;
			children = (
				DBCFDE551F03D44100FF2227 /* Base */,
			);
			name = LaunchScreen.storyboard;
			sourceTree = "<group>";
		};
/* End PBXVariantGroup section */

/* Begin XCBuildConfiguration section */
		DBCFDE581F03D44100FF2227 /* Debug */ = {
			isa = XCBuildConfiguration;
			buildSettings = {
				ALWAYS_SEARCH_USER_PATHS = NO;
				CLANG_ANALYZER_NONNULL = YES;
				CLANG_ANALYZER_NUMBER_OBJECT_CONVERSION = YES_AGGRESSIVE;
				CLANG_CXX_LANGUAGE_STANDARD = "gnu++0x";
				CLANG_CXX_LIBRARY = "libc++";
				CLANG_ENABLE_MODULES = YES;
				CLANG_ENABLE_OBJC_ARC = YES;
				CLANG_WARN_BOOL_CONVERSION = YES;
				CLANG_WARN_CONSTANT_CONVERSION = YES;
				CLANG_WARN_DIRECT_OBJC_ISA_USAGE = YES_ERROR;
				CLANG_WARN_DOCUMENTATION_COMMENTS = YES;
				CLANG_WARN_EMPTY_BODY = YES;
				CLANG_WARN_ENUM_CONVERSION = YES;
				CLANG_WARN_INFINITE_RECURSION = YES;
				CLANG_WARN_INT_CONVERSION = YES;
				CLANG_WARN_OBJC_ROOT_CLASS = YES_ERROR;
				CLANG_WARN_SUSPICIOUS_MOVE = YES;
				CLANG_WARN_UNREACHABLE_CODE = YES;
				CLANG_WARN__DUPLICATE_METHOD_MATCH = YES;
				"CODE_SIGN_IDENTITY[sdk=iphoneos*]" = "iPhone Developer";
				COPY_PHASE_STRIP = NO;
				DEBUG_INFORMATION_FORMAT = dwarf;
				ENABLE_STRICT_OBJC_MSGSEND = YES;
				ENABLE_TESTABILITY = YES;
				GCC_C_LANGUAGE_STANDARD = gnu99;
				GCC_DYNAMIC_NO_PIC = NO;
				GCC_NO_COMMON_BLOCKS = YES;
				GCC_OPTIMIZATION_LEVEL = 0;
				GCC_PREPROCESSOR_DEFINITIONS = (
					"DEBUG=1",
					"$(inherited)",
				);
				GCC_WARN_64_TO_32_BIT_CONVERSION = YES;
				GCC_WARN_ABOUT_RETURN_TYPE = YES_ERROR;
				GCC_WARN_UNDECLARED_SELECTOR = YES;
				GCC_WARN_UNINITIALIZED_AUTOS = YES_AGGRESSIVE;
				GCC_WARN_UNUSED_FUNCTION = YES;
				GCC_WARN_UNUSED_VARIABLE = YES;
				IPHONEOS_DEPLOYMENT_TARGET = 10.3;
				MTL_ENABLE_DEBUG_INFO = YES;
				ONLY_ACTIVE_ARCH = YES;
				SDKROOT = iphoneos;
				SWIFT_ACTIVE_COMPILATION_CONDITIONS = DEBUG;
				SWIFT_OPTIMIZATION_LEVEL = "-Onone";
			};
			name = Debug;
		};
		DBCFDE591F03D44100FF2227 /* Release */ = {
			isa = XCBuildConfiguration;
			buildSettings = {
				ALWAYS_SEARCH_USER_PATHS = NO;
				CLANG_ANALYZER_NONNULL = YES;
				CLANG_ANALYZER_NUMBER_OBJECT_CONVERSION = YES_AGGRESSIVE;
				CLANG_CXX_LANGUAGE_STANDARD = "gnu++0x";
				CLANG_CXX_LIBRARY = "libc++";
				CLANG_ENABLE_MODULES = YES;
				CLANG_ENABLE_OBJC_ARC = YES;
				CLANG_WARN_BOOL_CONVERSION = YES;
				CLANG_WARN_CONSTANT_CONVERSION = YES;
				CLANG_WARN_DIRECT_OBJC_ISA_USAGE = YES_ERROR;
				CLANG_WARN_DOCUMENTATION_COMMENTS = YES;
				CLANG_WARN_EMPTY_BODY = YES;
				CLANG_WARN_ENUM_CONVERSION = YES;
				CLANG_WARN_INFINITE_RECURSION = YES;
				CLANG_WARN_INT_CONVERSION = YES;
				CLANG_WARN_OBJC_ROOT_CLASS = YES_ERROR;
				CLANG_WARN_SUSPICIOUS_MOVE = YES;
				CLANG_WARN_UNREACHABLE_CODE = YES;
				CLANG_WARN__DUPLICATE_METHOD_MATCH = YES;
				"CODE_SIGN_IDENTITY[sdk=iphoneos*]" = "iPhone Developer";
				COPY_PHASE_STRIP = NO;
				DEBUG_INFORMATION_FORMAT = "dwarf-with-dsym";
				ENABLE_NS_ASSERTIONS = NO;
				ENABLE_STRICT_OBJC_MSGSEND = YES;
				GCC_C_LANGUAGE_STANDARD = gnu99;
				GCC_NO_COMMON_BLOCKS = YES;
				GCC_WARN_64_TO_32_BIT_CONVERSION = YES;
				GCC_WARN_ABOUT_RETURN_TYPE = YES_ERROR;
				GCC_WARN_UNDECLARED_SELECTOR = YES;
				GCC_WARN_UNINITIALIZED_AUTOS = YES_AGGRESSIVE;
				GCC_WARN_UNUSED_FUNCTION = YES;
				GCC_WARN_UNUSED_VARIABLE = YES;
				IPHONEOS_DEPLOYMENT_TARGET = 10.3;
				MTL_ENABLE_DEBUG_INFO = NO;
				SDKROOT = iphoneos;
				SWIFT_OPTIMIZATION_LEVEL = "-Owholemodule";
				VALIDATE_PRODUCT = YES;
			};
			name = Release;
		};
		DBCFDE5B1F03D44100FF2227 /* Debug */ = {
			isa = XCBuildConfiguration;
			buildSettings = {
				ASSETCATALOG_COMPILER_APPICON_NAME = AppIcon;
				DEVELOPMENT_TEAM = MKJ3EVS82G;
				INFOPLIST_FILE = SSearchBarDemo/Info.plist;
				LD_RUNPATH_SEARCH_PATHS = "$(inherited) @executable_path/Frameworks";
				PRODUCT_BUNDLE_IDENTIFIER = andreysak.SSearchBarDemo;
				PRODUCT_NAME = "$(TARGET_NAME)";
				SWIFT_VERSION = 3.0;
			};
			name = Debug;
		};
		DBCFDE5C1F03D44100FF2227 /* Release */ = {
			isa = XCBuildConfiguration;
			buildSettings = {
				ASSETCATALOG_COMPILER_APPICON_NAME = AppIcon;
				DEVELOPMENT_TEAM = MKJ3EVS82G;
				INFOPLIST_FILE = SSearchBarDemo/Info.plist;
				LD_RUNPATH_SEARCH_PATHS = "$(inherited) @executable_path/Frameworks";
				PRODUCT_BUNDLE_IDENTIFIER = andreysak.SSearchBarDemo;
				PRODUCT_NAME = "$(TARGET_NAME)";
				SWIFT_VERSION = 3.0;
			};
			name = Release;
		};
/* End XCBuildConfiguration section */

/* Begin XCConfigurationList section */
		DBCFDE431F03D44100FF2227 /* Build configuration list for PBXProject "SSearchBarDemo" */ = {
			isa = XCConfigurationList;
			buildConfigurations = (
				DBCFDE581F03D44100FF2227 /* Debug */,
				DBCFDE591F03D44100FF2227 /* Release */,
			);
			defaultConfigurationIsVisible = 0;
			defaultConfigurationName = Release;
		};
		DBCFDE5A1F03D44100FF2227 /* Build configuration list for PBXNativeTarget "SSearchBarDemo" */ = {
			isa = XCConfigurationList;
			buildConfigurations = (
				DBCFDE5B1F03D44100FF2227 /* Debug */,
				DBCFDE5C1F03D44100FF2227 /* Release */,
			);
			defaultConfigurationIsVisible = 0;
		};
/* End XCConfigurationList section */
	};
	rootObject = DBCFDE401F03D44100FF2227 /* Project object */;
}
