// !$*UTF8*$!
{
	archiveVersion = 1;
	classes = {
	};
	objectVersion = 50;
	objects = {

/* Begin PBXBuildFile section */
		635E860825A481490035AB99 /* AppDelegate.swift in Sources */ = {isa = PBXBuildFile; fileRef = 635E860725A481490035AB99 /* AppDelegate.swift */; };
		635E860A25A481490035AB99 /* SceneDelegate.swift in Sources */ = {isa = PBXBuildFile; fileRef = 635E860925A481490035AB99 /* SceneDelegate.swift */; };
		635E860C25A481490035AB99 /* ViewController.swift in Sources */ = {isa = PBXBuildFile; fileRef = 635E860B25A481490035AB99 /* ViewController.swift */; };
		635E860F25A481490035AB99 /* Main.storyboard in Resources */ = {isa = PBXBuildFile; fileRef = 635E860D25A481490035AB99 /* Main.storyboard */; };
		635E861125A4814C0035AB99 /* Assets.xcassets in Resources */ = {isa = PBXBuildFile; fileRef = 635E861025A4814C0035AB99 /* Assets.xcassets */; };
		635E861425A4814C0035AB99 /* LaunchScreen.storyboard in Resources */ = {isa = PBXBuildFile; fileRef = 635E861225A4814C0035AB99 /* LaunchScreen.storyboard */; };
		635E862B25A481EB0035AB99 /* SSearchBar.framework in Frameworks */ = {isa = PBXBuildFile; fileRef = 635E862525A481D50035AB99 /* SSearchBar.framework */; };
		635E862C25A481EB0035AB99 /* SSearchBar.framework in Embed Frameworks */ = {isa = PBXBuildFile; fileRef = 635E862525A481D50035AB99 /* SSearchBar.framework */; settings = {ATTRIBUTES = (CodeSignOnCopy, RemoveHeadersOnCopy, ); }; };
/* End PBXBuildFile section */

/* Begin PBXContainerItemProxy section */
		635E862425A481D50035AB99 /* PBXContainerItemProxy */ = {
			isa = PBXContainerItemProxy;
			containerPortal = 635E861F25A481D50035AB99 /* SSearchBar.xcodeproj */;
			proxyType = 2;
			remoteGlobalIDString = DBA0C4F41F0126C1000BFB9F;
			remoteInfo = SSearchBar;
		};
		635E862625A481D50035AB99 /* PBXContainerItemProxy */ = {
			isa = PBXContainerItemProxy;
			containerPortal = 635E861F25A481D50035AB99 /* SSearchBar.xcodeproj */;
			proxyType = 2;
			remoteGlobalIDString = DBA0C4FD1F0126C1000BFB9F;
			remoteInfo = SSearchBarTests;
		};
/* End PBXContainerItemProxy section */

/* Begin PBXCopyFilesBuildPhase section */
		635E862D25A481EB0035AB99 /* Embed Frameworks */ = {
			isa = PBXCopyFilesBuildPhase;
			buildActionMask = 2147483647;
			dstPath = "";
			dstSubfolderSpec = 10;
			files = (
				635E862C25A481EB0035AB99 /* SSearchBar.framework in Embed Frameworks */,
			);
			name = "Embed Frameworks";
			runOnlyForDeploymentPostprocessing = 0;
		};
/* End PBXCopyFilesBuildPhase section */

/* Begin PBXFileReference section */
		635E860425A481490035AB99 /* SSearchBarExample.app */ = {isa = PBXFileReference; explicitFileType = wrapper.application; includeInIndex = 0; path = SSearchBarExample.app; sourceTree = BUILT_PRODUCTS_DIR; };
		635E860725A481490035AB99 /* AppDelegate.swift */ = {isa = PBXFileReference; lastKnownFileType = sourcecode.swift; path = AppDelegate.swift; sourceTree = "<group>"; };
		635E860925A481490035AB99 /* SceneDelegate.swift */ = {isa = PBXFileReference; lastKnownFileType = sourcecode.swift; path = SceneDelegate.swift; sourceTree = "<group>"; };
		635E860B25A481490035AB99 /* ViewController.swift */ = {isa = PBXFileReference; lastKnownFileType = sourcecode.swift; path = ViewController.swift; sourceTree = "<group>"; };
		635E860E25A481490035AB99 /* Base */ = {isa = PBXFileReference; lastKnownFileType = file.storyboard; name = Base; path = Base.lproj/Main.storyboard; sourceTree = "<group>"; };
		635E861025A4814C0035AB99 /* Assets.xcassets */ = {isa = PBXFileReference; lastKnownFileType = folder.assetcatalog; path = Assets.xcassets; sourceTree = "<group>"; };
		635E861325A4814C0035AB99 /* Base */ = {isa = PBXFileReference; lastKnownFileType = file.storyboard; name = Base; path = Base.lproj/LaunchScreen.storyboard; sourceTree = "<group>"; };
		635E861525A4814C0035AB99 /* Info.plist */ = {isa = PBXFileReference; lastKnownFileType = text.plist.xml; path = Info.plist; sourceTree = "<group>"; };
		635E861F25A481D50035AB99 /* SSearchBar.xcodeproj */ = {isa = PBXFileReference; lastKnownFileType = "wrapper.pb-project"; name = SSearchBar.xcodeproj; path = ../SSearchBar/SSearchBar.xcodeproj; sourceTree = "<group>"; };
/* End PBXFileReference section */

/* Begin PBXFrameworksBuildPhase section */
		635E860125A481490035AB99 /* Frameworks */ = {
			isa = PBXFrameworksBuildPhase;
			buildActionMask = 2147483647;
			files = (
				635E862B25A481EB0035AB99 /* SSearchBar.framework in Frameworks */,
			);
			runOnlyForDeploymentPostprocessing = 0;
		};
/* End PBXFrameworksBuildPhase section */

/* Begin PBXGroup section */
		635E85FB25A481490035AB99 = {
			isa = PBXGroup;
			children = (
				635E860625A481490035AB99 /* SSearchBarExample */,
				635E860525A481490035AB99 /* Products */,
				635E861E25A481D50035AB99 /* Frameworks */,
			);
			sourceTree = "<group>";
		};
		635E860525A481490035AB99 /* Products */ = {
			isa = PBXGroup;
			children = (
				635E860425A481490035AB99 /* SSearchBarExample.app */,
			);
			name = Products;
			sourceTree = "<group>";
		};
		635E860625A481490035AB99 /* SSearchBarExample */ = {
			isa = PBXGroup;
			children = (
				635E860725A481490035AB99 /* AppDelegate.swift */,
				635E860925A481490035AB99 /* SceneDelegate.swift */,
				635E860B25A481490035AB99 /* ViewController.swift */,
				635E860D25A481490035AB99 /* Main.storyboard */,
				635E861025A4814C0035AB99 /* Assets.xcassets */,
				635E861225A4814C0035AB99 /* LaunchScreen.storyboard */,
				635E861525A4814C0035AB99 /* Info.plist */,
			);
			path = SSearchBarExample;
			sourceTree = "<group>";
		};
		635E861E25A481D50035AB99 /* Frameworks */ = {
			isa = PBXGroup;
			children = (
				635E861F25A481D50035AB99 /* SSearchBar.xcodeproj */,
			);
			name = Frameworks;
			sourceTree = "<group>";
		};
		635E862025A481D50035AB99 /* Products */ = {
			isa = PBXGroup;
			children = (
				635E862525A481D50035AB99 /* SSearchBar.framework */,
				635E862725A481D50035AB99 /* SSearchBarTests.xctest */,
			);
			name = Products;
			sourceTree = "<group>";
		};
/* End PBXGroup section */

/* Begin PBXNativeTarget section */
		635E860325A481490035AB99 /* SSearchBarExample */ = {
			isa = PBXNativeTarget;
			buildConfigurationList = 635E861825A4814C0035AB99 /* Build configuration list for PBXNativeTarget "SSearchBarExample" */;
			buildPhases = (
				635E860025A481490035AB99 /* Sources */,
				635E860125A481490035AB99 /* Frameworks */,
				635E860225A481490035AB99 /* Resources */,
				635E862D25A481EB0035AB99 /* Embed Frameworks */,
			);
			buildRules = (
			);
			dependencies = (
			);
			name = SSearchBarExample;
			productName = SSearchBarExample;
			productReference = 635E860425A481490035AB99 /* SSearchBarExample.app */;
			productType = "com.apple.product-type.application";
		};
/* End PBXNativeTarget section */

/* Begin PBXProject section */
		635E85FC25A481490035AB99 /* Project object */ = {
			isa = PBXProject;
			attributes = {
				LastSwiftUpdateCheck = 1230;
				LastUpgradeCheck = 1230;
				TargetAttributes = {
					635E860325A481490035AB99 = {
						CreatedOnToolsVersion = 12.3;
					};
				};
			};
			buildConfigurationList = 635E85FF25A481490035AB99 /* Build configuration list for PBXProject "SSearchBarExample" */;
			compatibilityVersion = "Xcode 9.3";
			developmentRegion = en;
			hasScannedForEncodings = 0;
			knownRegions = (
				en,
				Base,
			);
			mainGroup = 635E85FB25A481490035AB99;
			productRefGroup = 635E860525A481490035AB99 /* Products */;
			projectDirPath = "";
			projectReferences = (
				{
					ProductGroup = 635E862025A481D50035AB99 /* Products */;
					ProjectRef = 635E861F25A481D50035AB99 /* SSearchBar.xcodeproj */;
				},
			);
			projectRoot = "";
			targets = (
				635E860325A481490035AB99 /* SSearchBarExample */,
			);
		};
/* End PBXProject section */

/* Begin PBXReferenceProxy section */
		635E862525A481D50035AB99 /* SSearchBar.framework */ = {
			isa = PBXReferenceProxy;
			fileType = wrapper.framework;
			path = SSearchBar.framework;
			remoteRef = 635E862425A481D50035AB99 /* PBXContainerItemProxy */;
			sourceTree = BUILT_PRODUCTS_DIR;
		};
		635E862725A481D50035AB99 /* SSearchBarTests.xctest */ = {
			isa = PBXReferenceProxy;
			fileType = wrapper.cfbundle;
			path = SSearchBarTests.xctest;
			remoteRef = 635E862625A481D50035AB99 /* PBXContainerItemProxy */;
			sourceTree = BUILT_PRODUCTS_DIR;
		};
/* End PBXReferenceProxy section */

/* Begin PBXResourcesBuildPhase section */
		635E860225A481490035AB99 /* Resources */ = {
			isa = PBXResourcesBuildPhase;
			buildActionMask = 2147483647;
			files = (
				635E861425A4814C0035AB99 /* LaunchScreen.storyboard in Resources */,
				635E861125A4814C0035AB99 /* Assets.xcassets in Resources */,
				635E860F25A481490035AB99 /* Main.storyboard in Resources */,
			);
			runOnlyForDeploymentPostprocessing = 0;
		};
/* End PBXResourcesBuildPhase section */

/* Begin PBXSourcesBuildPhase section */
		635E860025A481490035AB99 /* Sources */ = {
			isa = PBXSourcesBuildPhase;
			buildActionMask = 2147483647;
			files = (
				635E860C25A481490035AB99 /* ViewController.swift in Sources */,
				635E860825A481490035AB99 /* AppDelegate.swift in Sources */,
				635E860A25A481490035AB99 /* SceneDelegate.swift in Sources */,
			);
			runOnlyForDeploymentPostprocessing = 0;
		};
/* End PBXSourcesBuildPhase section */

/* Begin PBXVariantGroup section */
		635E860D25A481490035AB99 /* Main.storyboard */ = {
			isa = PBXVariantGroup;
			children = (
				635E860E25A481490035AB99 /* Base */,
			);
			name = Main.storyboard;
			sourceTree = "<group>";
		};
		635E861225A4814C0035AB99 /* LaunchScreen.storyboard */ = {
			isa = PBXVariantGroup;
			children = (
				635E861325A4814C0035AB99 /* Base */,
			);
			name = LaunchScreen.storyboard;
			sourceTree = "<group>";
		};
/* End PBXVariantGroup section */

/* Begin XCBuildConfiguration section */
		635E861625A4814C0035AB99 /* Debug */ = {
			isa = XCBuildConfiguration;
			buildSettings = {
				ALWAYS_SEARCH_USER_PATHS = NO;
				CLANG_ANALYZER_NONNULL = YES;
				CLANG_ANALYZER_NUMBER_OBJECT_CONVERSION = YES_AGGRESSIVE;
				CLANG_CXX_LANGUAGE_STANDARD = "gnu++14";
				CLANG_CXX_LIBRARY = "libc++";
				CLANG_ENABLE_MODULES = YES;
				CLANG_ENABLE_OBJC_ARC = YES;
				CLANG_ENABLE_OBJC_WEAK = YES;
				CLANG_WARN_BLOCK_CAPTURE_AUTORELEASING = YES;
				CLANG_WARN_BOOL_CONVERSION = YES;
				CLANG_WARN_COMMA = YES;
				CLANG_WARN_CONSTANT_CONVERSION = YES;
				CLANG_WARN_DEPRECATED_OBJC_IMPLEMENTATIONS = YES;
				CLANG_WARN_DIRECT_OBJC_ISA_USAGE = YES_ERROR;
				CLANG_WARN_DOCUMENTATION_COMMENTS = YES;
				CLANG_WARN_EMPTY_BODY = YES;
				CLANG_WARN_ENUM_CONVERSION = YES;
				CLANG_WARN_INFINITE_RECURSION = YES;
				CLANG_WARN_INT_CONVERSION = YES;
				CLANG_WARN_NON_LITERAL_NULL_CONVERSION = YES;
				CLANG_WARN_OBJC_IMPLICIT_RETAIN_SELF = YES;
				CLANG_WARN_OBJC_LITERAL_CONVERSION = YES;
				CLANG_WARN_OBJC_ROOT_CLASS = YES_ERROR;
				CLANG_WARN_QUOTED_INCLUDE_IN_FRAMEWORK_HEADER = YES;
				CLANG_WARN_RANGE_LOOP_ANALYSIS = YES;
				CLANG_WARN_STRICT_PROTOTYPES = YES;
				CLANG_WARN_SUSPICIOUS_MOVE = YES;
				CLANG_WARN_UNGUARDED_AVAILABILITY = YES_AGGRESSIVE;
				CLANG_WARN_UNREACHABLE_CODE = YES;
				CLANG_WARN__DUPLICATE_METHOD_MATCH = YES;
				COPY_PHASE_STRIP = NO;
				DEBUG_INFORMATION_FORMAT = dwarf;
				ENABLE_STRICT_OBJC_MSGSEND = YES;
				ENABLE_TESTABILITY = YES;
				GCC_C_LANGUAGE_STANDARD = gnu11;
				GCC_DYNAMIC_NO_PIC = NO;
				GCC_NO_COMMON_BLOCKS = YES;
				GCC_OPTIMIZATION_LEVEL = 0;
				GCC_PREPROCESSOR_DEFINITIONS = (
					"DEBUG=1",
					"$(inherited)",
				);
				GCC_WARN_64_TO_32_BIT_CONVERSION = YES;
				GCC_WARN_ABOUT_RETURN_TYPE = YES_ERROR;
				GCC_WARN_UNDECLARED_SELECTOR = YES;
				GCC_WARN_UNINITIALIZED_AUTOS = YES_AGGRESSIVE;
				GCC_WARN_UNUSED_FUNCTION = YES;
				GCC_WARN_UNUSED_VARIABLE = YES;
				IPHONEOS_DEPLOYMENT_TARGET = 14.3;
				MTL_ENABLE_DEBUG_INFO = INCLUDE_SOURCE;
				MTL_FAST_MATH = YES;
				ONLY_ACTIVE_ARCH = YES;
				SDKROOT = iphoneos;
				SWIFT_ACTIVE_COMPILATION_CONDITIONS = DEBUG;
				SWIFT_OPTIMIZATION_LEVEL = "-Onone";
			};
			name = Debug;
		};
		635E861725A4814C0035AB99 /* Release */ = {
			isa = XCBuildConfiguration;
			buildSettings = {
				ALWAYS_SEARCH_USER_PATHS = NO;
				CLANG_ANALYZER_NONNULL = YES;
				CLANG_ANALYZER_NUMBER_OBJECT_CONVERSION = YES_AGGRESSIVE;
				CLANG_CXX_LANGUAGE_STANDARD = "gnu++14";
				CLANG_CXX_LIBRARY = "libc++";
				CLANG_ENABLE_MODULES = YES;
				CLANG_ENABLE_OBJC_ARC = YES;
				CLANG_ENABLE_OBJC_WEAK = YES;
				CLANG_WARN_BLOCK_CAPTURE_AUTORELEASING = YES;
				CLANG_WARN_BOOL_CONVERSION = YES;
				CLANG_WARN_COMMA = YES;
				CLANG_WARN_CONSTANT_CONVERSION = YES;
				CLANG_WARN_DEPRECATED_OBJC_IMPLEMENTATIONS = YES;
				CLANG_WARN_DIRECT_OBJC_ISA_USAGE = YES_ERROR;
				CLANG_WARN_DOCUMENTATION_COMMENTS = YES;
				CLANG_WARN_EMPTY_BODY = YES;
				CLANG_WARN_ENUM_CONVERSION = YES;
				CLANG_WARN_INFINITE_RECURSION = YES;
				CLANG_WARN_INT_CONVERSION = YES;
				CLANG_WARN_NON_LITERAL_NULL_CONVERSION = YES;
				CLANG_WARN_OBJC_IMPLICIT_RETAIN_SELF = YES;
				CLANG_WARN_OBJC_LITERAL_CONVERSION = YES;
				CLANG_WARN_OBJC_ROOT_CLASS = YES_ERROR;
				CLANG_WARN_QUOTED_INCLUDE_IN_FRAMEWORK_HEADER = YES;
				CLANG_WARN_RANGE_LOOP_ANALYSIS = YES;
				CLANG_WARN_STRICT_PROTOTYPES = YES;
				CLANG_WARN_SUSPICIOUS_MOVE = YES;
				CLANG_WARN_UNGUARDED_AVAILABILITY = YES_AGGRESSIVE;
				CLANG_WARN_UNREACHABLE_CODE = YES;
				CLANG_WARN__DUPLICATE_METHOD_MATCH = YES;
				COPY_PHASE_STRIP = NO;
				DEBUG_INFORMATION_FORMAT = "dwarf-with-dsym";
				ENABLE_NS_ASSERTIONS = NO;
				ENABLE_STRICT_OBJC_MSGSEND = YES;
				GCC_C_LANGUAGE_STANDARD = gnu11;
				GCC_NO_COMMON_BLOCKS = YES;
				GCC_WARN_64_TO_32_BIT_CONVERSION = YES;
				GCC_WARN_ABOUT_RETURN_TYPE = YES_ERROR;
				GCC_WARN_UNDECLARED_SELECTOR = YES;
				GCC_WARN_UNINITIALIZED_AUTOS = YES_AGGRESSIVE;
				GCC_WARN_UNUSED_FUNCTION = YES;
				GCC_WARN_UNUSED_VARIABLE = YES;
				IPHONEOS_DEPLOYMENT_TARGET = 14.3;
				MTL_ENABLE_DEBUG_INFO = NO;
				MTL_FAST_MATH = YES;
				SDKROOT = iphoneos;
				SWIFT_COMPILATION_MODE = wholemodule;
				SWIFT_OPTIMIZATION_LEVEL = "-O";
				VALIDATE_PRODUCT = YES;
			};
			name = Release;
		};
		635E861925A4814C0035AB99 /* Debug */ = {
			isa = XCBuildConfiguration;
			buildSettings = {
				ASSETCATALOG_COMPILER_APPICON_NAME = AppIcon;
				ASSETCATALOG_COMPILER_GLOBAL_ACCENT_COLOR_NAME = AccentColor;
				CODE_SIGN_STYLE = Automatic;
				DEVELOPMENT_TEAM = C6B2297G29;
				INFOPLIST_FILE = SSearchBarExample/Info.plist;
				LD_RUNPATH_SEARCH_PATHS = (
					"$(inherited)",
					"@executable_path/Frameworks",
				);
				PRODUCT_BUNDLE_IDENTIFIER = org.sakandrey.SSearchBarExample;
				PRODUCT_NAME = "$(TARGET_NAME)";
				SWIFT_VERSION = 5.0;
				TARGETED_DEVICE_FAMILY = "1,2";
			};
			name = Debug;
		};
		635E861A25A4814C0035AB99 /* Release */ = {
			isa = XCBuildConfiguration;
			buildSettings = {
				ASSETCATALOG_COMPILER_APPICON_NAME = AppIcon;
				ASSETCATALOG_COMPILER_GLOBAL_ACCENT_COLOR_NAME = AccentColor;
				CODE_SIGN_STYLE = Automatic;
				DEVELOPMENT_TEAM = C6B2297G29;
				INFOPLIST_FILE = SSearchBarExample/Info.plist;
				LD_RUNPATH_SEARCH_PATHS = (
					"$(inherited)",
					"@executable_path/Frameworks",
				);
				PRODUCT_BUNDLE_IDENTIFIER = org.sakandrey.SSearchBarExample;
				PRODUCT_NAME = "$(TARGET_NAME)";
				SWIFT_VERSION = 5.0;
				TARGETED_DEVICE_FAMILY = "1,2";
			};
			name = Release;
		};
/* End XCBuildConfiguration section */

/* Begin XCConfigurationList section */
		635E85FF25A481490035AB99 /* Build configuration list for PBXProject "SSearchBarExample" */ = {
			isa = XCConfigurationList;
			buildConfigurations = (
				635E861625A4814C0035AB99 /* Debug */,
				635E861725A4814C0035AB99 /* Release */,
			);
			defaultConfigurationIsVisible = 0;
			defaultConfigurationName = Release;
		};
		635E861825A4814C0035AB99 /* Build configuration list for PBXNativeTarget "SSearchBarExample" */ = {
			isa = XCConfigurationList;
			buildConfigurations = (
				635E861925A4814C0035AB99 /* Debug */,
				635E861A25A4814C0035AB99 /* Release */,
			);
			defaultConfigurationIsVisible = 0;
			defaultConfigurationName = Release;
		};
/* End XCConfigurationList section */
	};
	rootObject = 635E85FC25A481490035AB99 /* Project object */;
}
